# THIS IS AN AUTOGENERATED FILE. DO NOT EDIT THIS FILE DIRECTLY.
# yarn lockfile v1


"1PasswordExtension@git+https://github.com/scriptdash/onepassword-app-extension.git#bc62309059ef27b38c7cda597d9f9447b3a63f87":
  version "1.8.4"
  resolved "git+https://github.com/scriptdash/onepassword-app-extension.git#bc62309059ef27b38c7cda597d9f9447b3a63f87"
